// !$*UTF8*$!
{
	archiveVersion = 1;
	classes = {
	};
	objectVersion = 48;
	objects = {

/* Begin PBXBuildFile section */
		4890DE0845076EC1432792EB /* libPods-OSYYKit.a in Frameworks */ = {isa = PBXBuildFile; fileRef = BEB06D7533FC657A2046B5E1 /* libPods-OSYYKit.a */; };
		8F05475820185AE100AA6F60 /* YYImageViewCell.m in Sources */ = {isa = PBXBuildFile; fileRef = 8F05475620185AE100AA6F60 /* YYImageViewCell.m */; };
		8F05475920185AE100AA6F60 /* YYImageViewCell.xib in Resources */ = {isa = PBXBuildFile; fileRef = 8F05475720185AE100AA6F60 /* YYImageViewCell.xib */; };
		8F1825482011901800E86454 /* AppDelegate.m in Sources */ = {isa = PBXBuildFile; fileRef = 8F1825472011901800E86454 /* AppDelegate.m */; };
		8F18254B2011901800E86454 /* ViewController.m in Sources */ = {isa = PBXBuildFile; fileRef = 8F18254A2011901800E86454 /* ViewController.m */; };
		8F18254E2011901800E86454 /* Main.storyboard in Resources */ = {isa = PBXBuildFile; fileRef = 8F18254C2011901800E86454 /* Main.storyboard */; };
		8F1825502011901800E86454 /* Assets.xcassets in Resources */ = {isa = PBXBuildFile; fileRef = 8F18254F2011901800E86454 /* Assets.xcassets */; };
		8F1825532011901800E86454 /* LaunchScreen.storyboard in Resources */ = {isa = PBXBuildFile; fileRef = 8F1825512011901800E86454 /* LaunchScreen.storyboard */; };
		8F1825562011901800E86454 /* main.m in Sources */ = {isa = PBXBuildFile; fileRef = 8F1825552011901800E86454 /* main.m */; };
		8F1825602011901800E86454 /* OSYYKitTests.m in Sources */ = {isa = PBXBuildFile; fileRef = 8F18255F2011901800E86454 /* OSYYKitTests.m */; };
		8F18256B2011901800E86454 /* OSYYKitUITests.m in Sources */ = {isa = PBXBuildFile; fileRef = 8F18256A2011901800E86454 /* OSYYKitUITests.m */; };
		8F2A37AA201195C1002FA2A9 /* YYModelViewController.m in Sources */ = {isa = PBXBuildFile; fileRef = 8F2A37A9201195C1002FA2A9 /* YYModelViewController.m */; };
		8F2A37AD2011974A002FA2A9 /* AnalysisModel.m in Sources */ = {isa = PBXBuildFile; fileRef = 8F2A37AC2011974A002FA2A9 /* AnalysisModel.m */; };
		8F2A37B120119E4E002FA2A9 /* OsModel.json in Resources */ = {isa = PBXBuildFile; fileRef = 8F2A37B020119E4E002FA2A9 /* OsModel.json */; };
		8F2A37B52011A341002FA2A9 /* OSModelCell.m in Sources */ = {isa = PBXBuildFile; fileRef = 8F2A37B32011A341002FA2A9 /* OSModelCell.m */; };
		8F2A37B62011A341002FA2A9 /* OSModelCell.xib in Resources */ = {isa = PBXBuildFile; fileRef = 8F2A37B42011A341002FA2A9 /* OSModelCell.xib */; };
		8F2A37BA2011DD34002FA2A9 /* YYCacheViewController.m in Sources */ = {isa = PBXBuildFile; fileRef = 8F2A37B92011DD34002FA2A9 /* YYCacheViewController.m */; };
		8F2A37BE2011FE6E002FA2A9 /* YYImageViewController.m in Sources */ = {isa = PBXBuildFile; fileRef = 8F2A37BD2011FE6E002FA2A9 /* YYImageViewController.m */; };
		8F2A37C22011FECF002FA2A9 /* YYWebImageViewController.m in Sources */ = {isa = PBXBuildFile; fileRef = 8F2A37C12011FECF002FA2A9 /* YYWebImageViewController.m */; };
		8F2A37C62011FEEC002FA2A9 /* YYTextViewController.m in Sources */ = {isa = PBXBuildFile; fileRef = 8F2A37C52011FEEC002FA2A9 /* YYTextViewController.m */; };
		8F2A37CA2011FF15002FA2A9 /* YYKeyboardManagerViewController.m in Sources */ = {isa = PBXBuildFile; fileRef = 8F2A37C92011FF15002FA2A9 /* YYKeyboardManagerViewController.m */; };
		8F2A37CE2011FF41002FA2A9 /* YYDispatchQueuePoolViewController.m in Sources */ = {isa = PBXBuildFile; fileRef = 8F2A37CD2011FF41002FA2A9 /* YYDispatchQueuePoolViewController.m */; };
		8F2A37D22011FFA4002FA2A9 /* YYAsyncLayerViewController.m in Sources */ = {isa = PBXBuildFile; fileRef = 8F2A37D12011FFA4002FA2A9 /* YYAsyncLayerViewController.m */; };
		8F2A37D62011FFC2002FA2A9 /* YYCategoriesViewController.m in Sources */ = {isa = PBXBuildFile; fileRef = 8F2A37D52011FFC2002FA2A9 /* YYCategoriesViewController.m */; };
		8F59A19920186D7F00E822F7 /* UIView+Rect.m in Sources */ = {isa = PBXBuildFile; fileRef = 8F59A19820186D7F00E822F7 /* UIView+Rect.m */; };
		8F59A19C2018705300E822F7 /* niconiconi@2x.gif in Resources */ = {isa = PBXBuildFile; fileRef = 8F59A19B2018705300E822F7 /* niconiconi@2x.gif */; };
		8F59A19E201870CF00E822F7 /* pia@2x.png in Resources */ = {isa = PBXBuildFile; fileRef = 8F59A19D201870CF00E822F7 /* pia@2x.png */; };
		8F59A1A32018822000E822F7 /* fav02l-sheet@2x.png in Resources */ = {isa = PBXBuildFile; fileRef = 8F59A1A22018822000E822F7 /* fav02l-sheet@2x.png */; };
/* End PBXBuildFile section */

/* Begin PBXContainerItemProxy section */
		8F18255C2011901800E86454 /* PBXContainerItemProxy */ = {
			isa = PBXContainerItemProxy;
			containerPortal = 8F18253B2011901800E86454 /* Project object */;
			proxyType = 1;
			remoteGlobalIDString = 8F1825422011901800E86454;
			remoteInfo = OSYYKit;
		};
		8F1825672011901800E86454 /* PBXContainerItemProxy */ = {
			isa = PBXContainerItemProxy;
			containerPortal = 8F18253B2011901800E86454 /* Project object */;
			proxyType = 1;
			remoteGlobalIDString = 8F1825422011901800E86454;
			remoteInfo = OSYYKit;
		};
/* End PBXContainerItemProxy section */

/* Begin PBXFileReference section */
		2C9413C46E036093A3179956 /* Pods-OSYYKit.release.xcconfig */ = {isa = PBXFileReference; includeInIndex = 1; lastKnownFileType = text.xcconfig; name = "Pods-OSYYKit.release.xcconfig"; path = "Pods/Target Support Files/Pods-OSYYKit/Pods-OSYYKit.release.xcconfig"; sourceTree = "<group>"; };
		8F05475520185AE100AA6F60 /* YYImageViewCell.h */ = {isa = PBXFileReference; lastKnownFileType = sourcecode.c.h; path = YYImageViewCell.h; sourceTree = "<group>"; };
		8F05475620185AE100AA6F60 /* YYImageViewCell.m */ = {isa = PBXFileReference; lastKnownFileType = sourcecode.c.objc; path = YYImageViewCell.m; sourceTree = "<group>"; };
		8F05475720185AE100AA6F60 /* YYImageViewCell.xib */ = {isa = PBXFileReference; lastKnownFileType = file.xib; path = YYImageViewCell.xib; sourceTree = "<group>"; };
		8F1825432011901800E86454 /* OSYYKit.app */ = {isa = PBXFileReference; explicitFileType = wrapper.application; includeInIndex = 0; path = OSYYKit.app; sourceTree = BUILT_PRODUCTS_DIR; };
		8F1825462011901800E86454 /* AppDelegate.h */ = {isa = PBXFileReference; lastKnownFileType = sourcecode.c.h; path = AppDelegate.h; sourceTree = "<group>"; };
		8F1825472011901800E86454 /* AppDelegate.m */ = {isa = PBXFileReference; lastKnownFileType = sourcecode.c.objc; path = AppDelegate.m; sourceTree = "<group>"; };
		8F1825492011901800E86454 /* ViewController.h */ = {isa = PBXFileReference; lastKnownFileType = sourcecode.c.h; path = ViewController.h; sourceTree = "<group>"; };
		8F18254A2011901800E86454 /* ViewController.m */ = {isa = PBXFileReference; lastKnownFileType = sourcecode.c.objc; path = ViewController.m; sourceTree = "<group>"; };
		8F18254D2011901800E86454 /* Base */ = {isa = PBXFileReference; lastKnownFileType = file.storyboard; name = Base; path = Base.lproj/Main.storyboard; sourceTree = "<group>"; };
		8F18254F2011901800E86454 /* Assets.xcassets */ = {isa = PBXFileReference; lastKnownFileType = folder.assetcatalog; path = Assets.xcassets; sourceTree = "<group>"; };
		8F1825522011901800E86454 /* Base */ = {isa = PBXFileReference; lastKnownFileType = file.storyboard; name = Base; path = Base.lproj/LaunchScreen.storyboard; sourceTree = "<group>"; };
		8F1825542011901800E86454 /* Info.plist */ = {isa = PBXFileReference; lastKnownFileType = text.plist.xml; path = Info.plist; sourceTree = "<group>"; };
		8F1825552011901800E86454 /* main.m */ = {isa = PBXFileReference; lastKnownFileType = sourcecode.c.objc; path = main.m; sourceTree = "<group>"; };
		8F18255B2011901800E86454 /* OSYYKitTests.xctest */ = {isa = PBXFileReference; explicitFileType = wrapper.cfbundle; includeInIndex = 0; path = OSYYKitTests.xctest; sourceTree = BUILT_PRODUCTS_DIR; };
		8F18255F2011901800E86454 /* OSYYKitTests.m */ = {isa = PBXFileReference; lastKnownFileType = sourcecode.c.objc; path = OSYYKitTests.m; sourceTree = "<group>"; };
		8F1825612011901800E86454 /* Info.plist */ = {isa = PBXFileReference; lastKnownFileType = text.plist.xml; path = Info.plist; sourceTree = "<group>"; };
		8F1825662011901800E86454 /* OSYYKitUITests.xctest */ = {isa = PBXFileReference; explicitFileType = wrapper.cfbundle; includeInIndex = 0; path = OSYYKitUITests.xctest; sourceTree = BUILT_PRODUCTS_DIR; };
		8F18256A2011901800E86454 /* OSYYKitUITests.m */ = {isa = PBXFileReference; lastKnownFileType = sourcecode.c.objc; path = OSYYKitUITests.m; sourceTree = "<group>"; };
		8F18256C2011901800E86454 /* Info.plist */ = {isa = PBXFileReference; lastKnownFileType = text.plist.xml; path = Info.plist; sourceTree = "<group>"; };
		8F2A37A8201195C1002FA2A9 /* YYModelViewController.h */ = {isa = PBXFileReference; lastKnownFileType = sourcecode.c.h; path = YYModelViewController.h; sourceTree = "<group>"; };
		8F2A37A9201195C1002FA2A9 /* YYModelViewController.m */ = {isa = PBXFileReference; lastKnownFileType = sourcecode.c.objc; path = YYModelViewController.m; sourceTree = "<group>"; };
		8F2A37AB2011974A002FA2A9 /* AnalysisModel.h */ = {isa = PBXFileReference; lastKnownFileType = sourcecode.c.h; path = AnalysisModel.h; sourceTree = "<group>"; };
		8F2A37AC2011974A002FA2A9 /* AnalysisModel.m */ = {isa = PBXFileReference; lastKnownFileType = sourcecode.c.objc; path = AnalysisModel.m; sourceTree = "<group>"; };
		8F2A37B020119E4E002FA2A9 /* OsModel.json */ = {isa = PBXFileReference; fileEncoding = 4; lastKnownFileType = text.json; path = OsModel.json; sourceTree = "<group>"; };
		8F2A37B22011A341002FA2A9 /* OSModelCell.h */ = {isa = PBXFileReference; lastKnownFileType = sourcecode.c.h; path = OSModelCell.h; sourceTree = "<group>"; };
		8F2A37B32011A341002FA2A9 /* OSModelCell.m */ = {isa = PBXFileReference; lastKnownFileType = sourcecode.c.objc; path = OSModelCell.m; sourceTree = "<group>"; };
		8F2A37B42011A341002FA2A9 /* OSModelCell.xib */ = {isa = PBXFileReference; lastKnownFileType = file.xib; path = OSModelCell.xib; sourceTree = "<group>"; };
		8F2A37B82011DD34002FA2A9 /* YYCacheViewController.h */ = {isa = PBXFileReference; lastKnownFileType = sourcecode.c.h; path = YYCacheViewController.h; sourceTree = "<group>"; };
		8F2A37B92011DD34002FA2A9 /* YYCacheViewController.m */ = {isa = PBXFileReference; lastKnownFileType = sourcecode.c.objc; path = YYCacheViewController.m; sourceTree = "<group>"; };
		8F2A37BC2011FE6E002FA2A9 /* YYImageViewController.h */ = {isa = PBXFileReference; lastKnownFileType = sourcecode.c.h; path = YYImageViewController.h; sourceTree = "<group>"; };
		8F2A37BD2011FE6E002FA2A9 /* YYImageViewController.m */ = {isa = PBXFileReference; lastKnownFileType = sourcecode.c.objc; path = YYImageViewController.m; sourceTree = "<group>"; };
		8F2A37C02011FECF002FA2A9 /* YYWebImageViewController.h */ = {isa = PBXFileReference; lastKnownFileType = sourcecode.c.h; path = YYWebImageViewController.h; sourceTree = "<group>"; };
		8F2A37C12011FECF002FA2A9 /* YYWebImageViewController.m */ = {isa = PBXFileReference; lastKnownFileType = sourcecode.c.objc; path = YYWebImageViewController.m; sourceTree = "<group>"; };
		8F2A37C42011FEEC002FA2A9 /* YYTextViewController.h */ = {isa = PBXFileReference; lastKnownFileType = sourcecode.c.h; path = YYTextViewController.h; sourceTree = "<group>"; };
		8F2A37C52011FEEC002FA2A9 /* YYTextViewController.m */ = {isa = PBXFileReference; lastKnownFileType = sourcecode.c.objc; path = YYTextViewController.m; sourceTree = "<group>"; };
		8F2A37C82011FF15002FA2A9 /* YYKeyboardManagerViewController.h */ = {isa = PBXFileReference; lastKnownFileType = sourcecode.c.h; path = YYKeyboardManagerViewController.h; sourceTree = "<group>"; };
		8F2A37C92011FF15002FA2A9 /* YYKeyboardManagerViewController.m */ = {isa = PBXFileReference; lastKnownFileType = sourcecode.c.objc; path = YYKeyboardManagerViewController.m; sourceTree = "<group>"; };
		8F2A37CC2011FF41002FA2A9 /* YYDispatchQueuePoolViewController.h */ = {isa = PBXFileReference; lastKnownFileType = sourcecode.c.h; path = YYDispatchQueuePoolViewController.h; sourceTree = "<group>"; };
		8F2A37CD2011FF41002FA2A9 /* YYDispatchQueuePoolViewController.m */ = {isa = PBXFileReference; lastKnownFileType = sourcecode.c.objc; path = YYDispatchQueuePoolViewController.m; sourceTree = "<group>"; };
		8F2A37D02011FFA4002FA2A9 /* YYAsyncLayerViewController.h */ = {isa = PBXFileReference; lastKnownFileType = sourcecode.c.h; path = YYAsyncLayerViewController.h; sourceTree = "<group>"; };
		8F2A37D12011FFA4002FA2A9 /* YYAsyncLayerViewController.m */ = {isa = PBXFileReference; lastKnownFileType = sourcecode.c.objc; path = YYAsyncLayerViewController.m; sourceTree = "<group>"; };
		8F2A37D42011FFC2002FA2A9 /* YYCategoriesViewController.h */ = {isa = PBXFileReference; lastKnownFileType = sourcecode.c.h; path = YYCategoriesViewController.h; sourceTree = "<group>"; };
		8F2A37D52011FFC2002FA2A9 /* YYCategoriesViewController.m */ = {isa = PBXFileReference; lastKnownFileType = sourcecode.c.objc; path = YYCategoriesViewController.m; sourceTree = "<group>"; };
		8F59A19720186D7F00E822F7 /* UIView+Rect.h */ = {isa = PBXFileReference; lastKnownFileType = sourcecode.c.h; path = "UIView+Rect.h"; sourceTree = "<group>"; };
		8F59A19820186D7F00E822F7 /* UIView+Rect.m */ = {isa = PBXFileReference; lastKnownFileType = sourcecode.c.objc; path = "UIView+Rect.m"; sourceTree = "<group>"; };
		8F59A19B2018705300E822F7 /* niconiconi@2x.gif */ = {isa = PBXFileReference; lastKnownFileType = image.gif; path = "niconiconi@2x.gif"; sourceTree = "<group>"; };
		8F59A19D201870CF00E822F7 /* pia@2x.png */ = {isa = PBXFileReference; lastKnownFileType = image.png; path = "pia@2x.png"; sourceTree = "<group>"; };
		8F59A1A22018822000E822F7 /* fav02l-sheet@2x.png */ = {isa = PBXFileReference; lastKnownFileType = image.png; path = "fav02l-sheet@2x.png"; sourceTree = "<group>"; };
		AEB713A9E82F68AB5BCD9F03 /* Pods-OSYYKit.debug.xcconfig */ = {isa = PBXFileReference; includeInIndex = 1; lastKnownFileType = text.xcconfig; name = "Pods-OSYYKit.debug.xcconfig"; path = "Pods/Target Support Files/Pods-OSYYKit/Pods-OSYYKit.debug.xcconfig"; sourceTree = "<group>"; };
		BEB06D7533FC657A2046B5E1 /* libPods-OSYYKit.a */ = {isa = PBXFileReference; explicitFileType = archive.ar; includeInIndex = 0; path = "libPods-OSYYKit.a"; sourceTree = BUILT_PRODUCTS_DIR; };
/* End PBXFileReference section */

/* Begin PBXFrameworksBuildPhase section */
		8F1825402011901800E86454 /* Frameworks */ = {
			isa = PBXFrameworksBuildPhase;
			buildActionMask = 2147483647;
			files = (
				4890DE0845076EC1432792EB /* libPods-OSYYKit.a in Frameworks */,
			);
			runOnlyForDeploymentPostprocessing = 0;
		};
		8F1825582011901800E86454 /* Frameworks */ = {
			isa = PBXFrameworksBuildPhase;
			buildActionMask = 2147483647;
			files = (
			);
			runOnlyForDeploymentPostprocessing = 0;
		};
		8F1825632011901800E86454 /* Frameworks */ = {
			isa = PBXFrameworksBuildPhase;
			buildActionMask = 2147483647;
			files = (
			);
			runOnlyForDeploymentPostprocessing = 0;
		};
/* End PBXFrameworksBuildPhase section */

/* Begin PBXGroup section */
		206A80E86F3B361FF849CCFC /* Frameworks */ = {
			isa = PBXGroup;
			children = (
				BEB06D7533FC657A2046B5E1 /* libPods-OSYYKit.a */,
			);
			name = Frameworks;
			sourceTree = "<group>";
		};
		431D3E4615EA92888012BAD9 /* Pods */ = {
			isa = PBXGroup;
			children = (
				AEB713A9E82F68AB5BCD9F03 /* Pods-OSYYKit.debug.xcconfig */,
				2C9413C46E036093A3179956 /* Pods-OSYYKit.release.xcconfig */,
			);
			name = Pods;
			sourceTree = "<group>";
		};
		8F18253A2011901800E86454 = {
			isa = PBXGroup;
			children = (
				8F1825452011901800E86454 /* OSYYKit */,
				8F18255E2011901800E86454 /* OSYYKitTests */,
				8F1825692011901800E86454 /* OSYYKitUITests */,
				8F1825442011901800E86454 /* Products */,
				431D3E4615EA92888012BAD9 /* Pods */,
				206A80E86F3B361FF849CCFC /* Frameworks */,
			);
			sourceTree = "<group>";
		};
		8F1825442011901800E86454 /* Products */ = {
			isa = PBXGroup;
			children = (
				8F1825432011901800E86454 /* OSYYKit.app */,
				8F18255B2011901800E86454 /* OSYYKitTests.xctest */,
				8F1825662011901800E86454 /* OSYYKitUITests.xctest */,
			);
			name = Products;
			sourceTree = "<group>";
		};
		8F1825452011901800E86454 /* OSYYKit */ = {
			isa = PBXGroup;
			children = (
				8F2A37A620119578002FA2A9 /* YYAnalysis */,
				8F1825462011901800E86454 /* AppDelegate.h */,
				8F1825472011901800E86454 /* AppDelegate.m */,
				8F1825492011901800E86454 /* ViewController.h */,
				8F18254A2011901800E86454 /* ViewController.m */,
				8F18254C2011901800E86454 /* Main.storyboard */,
				8F18254F2011901800E86454 /* Assets.xcassets */,
				8F1825512011901800E86454 /* LaunchScreen.storyboard */,
				8F1825542011901800E86454 /* Info.plist */,
				8F1825552011901800E86454 /* main.m */,
			);
			path = OSYYKit;
			sourceTree = "<group>";
		};
		8F18255E2011901800E86454 /* OSYYKitTests */ = {
			isa = PBXGroup;
			children = (
				8F18255F2011901800E86454 /* OSYYKitTests.m */,
				8F1825612011901800E86454 /* Info.plist */,
			);
			path = OSYYKitTests;
			sourceTree = "<group>";
		};
		8F1825692011901800E86454 /* OSYYKitUITests */ = {
			isa = PBXGroup;
			children = (
				8F18256A2011901800E86454 /* OSYYKitUITests.m */,
				8F18256C2011901800E86454 /* Info.plist */,
			);
			path = OSYYKitUITests;
			sourceTree = "<group>";
		};
		8F2A37A620119578002FA2A9 /* YYAnalysis */ = {
			isa = PBXGroup;
			children = (
				8F2A37D32011FFB8002FA2A9 /* YYCategories */,
				8F2A37CF2011FF97002FA2A9 /* AsyncLayer */,
				8F2A37CB2011FF2F002FA2A9 /* DispatchQueuePool   */,
				8F2A37C72011FF0A002FA2A9 /* KeyboardManager */,
				8F2A37C32011FEDE002FA2A9 /* Text */,
				8F2A37BF2011FEC0002FA2A9 /* WebImage */,
				8F2A37BB2011FE5E002FA2A9 /* Image */,
				8F2A37B72011DCD7002FA2A9 /* Cache */,
				8F2A37A7201195A4002FA2A9 /* Model */,
			);
			path = YYAnalysis;
			sourceTree = "<group>";
		};
		8F2A37A7201195A4002FA2A9 /* Model */ = {
			isa = PBXGroup;
			children = (
				8F2A37B020119E4E002FA2A9 /* OsModel.json */,
				8F2A37A8201195C1002FA2A9 /* YYModelViewController.h */,
				8F2A37A9201195C1002FA2A9 /* YYModelViewController.m */,
				8F2A37AB2011974A002FA2A9 /* AnalysisModel.h */,
				8F2A37AC2011974A002FA2A9 /* AnalysisModel.m */,
				8F2A37B22011A341002FA2A9 /* OSModelCell.h */,
				8F2A37B32011A341002FA2A9 /* OSModelCell.m */,
				8F2A37B42011A341002FA2A9 /* OSModelCell.xib */,
			);
			path = Model;
			sourceTree = "<group>";
		};
		8F2A37B72011DCD7002FA2A9 /* Cache */ = {
			isa = PBXGroup;
			children = (
				8F2A37B82011DD34002FA2A9 /* YYCacheViewController.h */,
				8F2A37B92011DD34002FA2A9 /* YYCacheViewController.m */,
			);
			path = Cache;
			sourceTree = "<group>";
		};
		8F2A37BB2011FE5E002FA2A9 /* Image */ = {
			isa = PBXGroup;
			children = (
				8F59A19A2018703C00E822F7 /* Resources */,
				8F2A37BC2011FE6E002FA2A9 /* YYImageViewController.h */,
				8F2A37BD2011FE6E002FA2A9 /* YYImageViewController.m */,
				8F05475520185AE100AA6F60 /* YYImageViewCell.h */,
				8F05475620185AE100AA6F60 /* YYImageViewCell.m */,
				8F05475720185AE100AA6F60 /* YYImageViewCell.xib */,
				8F59A19720186D7F00E822F7 /* UIView+Rect.h */,
				8F59A19820186D7F00E822F7 /* UIView+Rect.m */,
			);
			path = Image;
			sourceTree = "<group>";
		};
		8F2A37BF2011FEC0002FA2A9 /* WebImage */ = {
			isa = PBXGroup;
			children = (
				8F2A37C02011FECF002FA2A9 /* YYWebImageViewController.h */,
				8F2A37C12011FECF002FA2A9 /* YYWebImageViewController.m */,
			);
			path = WebImage;
			sourceTree = "<group>";
		};
		8F2A37C32011FEDE002FA2A9 /* Text */ = {
			isa = PBXGroup;
			children = (
				8F2A37C42011FEEC002FA2A9 /* YYTextViewController.h */,
				8F2A37C52011FEEC002FA2A9 /* YYTextViewController.m */,
			);
			path = Text;
			sourceTree = "<group>";
		};
		8F2A37C72011FF0A002FA2A9 /* KeyboardManager */ = {
			isa = PBXGroup;
			children = (
				8F2A37C82011FF15002FA2A9 /* YYKeyboardManagerViewController.h */,
				8F2A37C92011FF15002FA2A9 /* YYKeyboardManagerViewController.m */,
			);
			path = KeyboardManager;
			sourceTree = "<group>";
		};
		8F2A37CB2011FF2F002FA2A9 /* DispatchQueuePool   */ = {
			isa = PBXGroup;
			children = (
				8F2A37CC2011FF41002FA2A9 /* YYDispatchQueuePoolViewController.h */,
				8F2A37CD2011FF41002FA2A9 /* YYDispatchQueuePoolViewController.m */,
			);
			path = "DispatchQueuePool  ";
			sourceTree = "<group>";
		};
		8F2A37CF2011FF97002FA2A9 /* AsyncLayer */ = {
			isa = PBXGroup;
			children = (
				8F2A37D02011FFA4002FA2A9 /* YYAsyncLayerViewController.h */,
				8F2A37D12011FFA4002FA2A9 /* YYAsyncLayerViewController.m */,
			);
			path = AsyncLayer;
			sourceTree = "<group>";
		};
		8F2A37D32011FFB8002FA2A9 /* YYCategories */ = {
			isa = PBXGroup;
			children = (
				8F2A37D42011FFC2002FA2A9 /* YYCategoriesViewController.h */,
				8F2A37D52011FFC2002FA2A9 /* YYCategoriesViewController.m */,
			);
			path = YYCategories;
			sourceTree = "<group>";
		};
		8F59A19A2018703C00E822F7 /* Resources */ = {
			isa = PBXGroup;
			children = (
				8F59A19D201870CF00E822F7 /* pia@2x.png */,
				8F59A1A22018822000E822F7 /* fav02l-sheet@2x.png */,
				8F59A19B2018705300E822F7 /* niconiconi@2x.gif */,
			);
			path = Resources;
			sourceTree = "<group>";
		};
/* End PBXGroup section */

/* Begin PBXNativeTarget section */
		8F1825422011901800E86454 /* OSYYKit */ = {
			isa = PBXNativeTarget;
			buildConfigurationList = 8F18256F2011901800E86454 /* Build configuration list for PBXNativeTarget "OSYYKit" */;
			buildPhases = (
				59F7D003CA48F5738A98CA52 /* [CP] Check Pods Manifest.lock */,
				8F18253F2011901800E86454 /* Sources */,
				8F1825402011901800E86454 /* Frameworks */,
				8F1825412011901800E86454 /* Resources */,
				0CDEE2993F538667637D0C55 /* [CP] Embed Pods Frameworks */,
				CD36442752F36FDCE7A37DDE /* [CP] Copy Pods Resources */,
			);
			buildRules = (
			);
			dependencies = (
			);
			name = OSYYKit;
			productName = OSYYKit;
			productReference = 8F1825432011901800E86454 /* OSYYKit.app */;
			productType = "com.apple.product-type.application";
		};
		8F18255A2011901800E86454 /* OSYYKitTests */ = {
			isa = PBXNativeTarget;
			buildConfigurationList = 8F1825722011901800E86454 /* Build configuration list for PBXNativeTarget "OSYYKitTests" */;
			buildPhases = (
				8F1825572011901800E86454 /* Sources */,
				8F1825582011901800E86454 /* Frameworks */,
				8F1825592011901800E86454 /* Resources */,
			);
			buildRules = (
			);
			dependencies = (
				8F18255D2011901800E86454 /* PBXTargetDependency */,
			);
			name = OSYYKitTests;
			productName = OSYYKitTests;
			productReference = 8F18255B2011901800E86454 /* OSYYKitTests.xctest */;
			productType = "com.apple.product-type.bundle.unit-test";
		};
		8F1825652011901800E86454 /* OSYYKitUITests */ = {
			isa = PBXNativeTarget;
			buildConfigurationList = 8F1825752011901800E86454 /* Build configuration list for PBXNativeTarget "OSYYKitUITests" */;
			buildPhases = (
				8F1825622011901800E86454 /* Sources */,
				8F1825632011901800E86454 /* Frameworks */,
				8F1825642011901800E86454 /* Resources */,
			);
			buildRules = (
			);
			dependencies = (
				8F1825682011901800E86454 /* PBXTargetDependency */,
			);
			name = OSYYKitUITests;
			productName = OSYYKitUITests;
			productReference = 8F1825662011901800E86454 /* OSYYKitUITests.xctest */;
			productType = "com.apple.product-type.bundle.ui-testing";
		};
/* End PBXNativeTarget section */

/* Begin PBXProject section */
		8F18253B2011901800E86454 /* Project object */ = {
			isa = PBXProject;
			attributes = {
				LastUpgradeCheck = 0920;
				ORGANIZATIONNAME = "胡斌";
				TargetAttributes = {
					8F1825422011901800E86454 = {
						CreatedOnToolsVersion = 9.2;
						ProvisioningStyle = Automatic;
					};
					8F18255A2011901800E86454 = {
						CreatedOnToolsVersion = 9.2;
						ProvisioningStyle = Automatic;
						TestTargetID = 8F1825422011901800E86454;
					};
					8F1825652011901800E86454 = {
						CreatedOnToolsVersion = 9.2;
						ProvisioningStyle = Automatic;
						TestTargetID = 8F1825422011901800E86454;
					};
				};
			};
			buildConfigurationList = 8F18253E2011901800E86454 /* Build configuration list for PBXProject "OSYYKit" */;
			compatibilityVersion = "Xcode 8.0";
			developmentRegion = en;
			hasScannedForEncodings = 0;
			knownRegions = (
				en,
				Base,
			);
			mainGroup = 8F18253A2011901800E86454;
			productRefGroup = 8F1825442011901800E86454 /* Products */;
			projectDirPath = "";
			projectRoot = "";
			targets = (
				8F1825422011901800E86454 /* OSYYKit */,
				8F18255A2011901800E86454 /* OSYYKitTests */,
				8F1825652011901800E86454 /* OSYYKitUITests */,
			);
		};
/* End PBXProject section */

/* Begin PBXResourcesBuildPhase section */
		8F1825412011901800E86454 /* Resources */ = {
			isa = PBXResourcesBuildPhase;
			buildActionMask = 2147483647;
			files = (
				8F05475920185AE100AA6F60 /* YYImageViewCell.xib in Resources */,
				8F59A19E201870CF00E822F7 /* pia@2x.png in Resources */,
				8F59A1A32018822000E822F7 /* fav02l-sheet@2x.png in Resources */,
				8F2A37B62011A341002FA2A9 /* OSModelCell.xib in Resources */,
				8F1825532011901800E86454 /* LaunchScreen.storyboard in Resources */,
				8F1825502011901800E86454 /* Assets.xcassets in Resources */,
				8F18254E2011901800E86454 /* Main.storyboard in Resources */,
				8F2A37B120119E4E002FA2A9 /* OsModel.json in Resources */,
				8F59A19C2018705300E822F7 /* niconiconi@2x.gif in Resources */,
			);
			runOnlyForDeploymentPostprocessing = 0;
		};
		8F1825592011901800E86454 /* Resources */ = {
			isa = PBXResourcesBuildPhase;
			buildActionMask = 2147483647;
			files = (
			);
			runOnlyForDeploymentPostprocessing = 0;
		};
		8F1825642011901800E86454 /* Resources */ = {
			isa = PBXResourcesBuildPhase;
			buildActionMask = 2147483647;
			files = (
			);
			runOnlyForDeploymentPostprocessing = 0;
		};
/* End PBXResourcesBuildPhase section */

/* Begin PBXShellScriptBuildPhase section */
		0CDEE2993F538667637D0C55 /* [CP] Embed Pods Frameworks */ = {
			isa = PBXShellScriptBuildPhase;
			buildActionMask = 2147483647;
			files = (
			);
			inputPaths = (
			);
			name = "[CP] Embed Pods Frameworks";
			outputPaths = (
			);
			runOnlyForDeploymentPostprocessing = 0;
			shellPath = /bin/sh;
			shellScript = "\"${SRCROOT}/Pods/Target Support Files/Pods-OSYYKit/Pods-OSYYKit-frameworks.sh\"\n";
			showEnvVarsInLog = 0;
		};
		59F7D003CA48F5738A98CA52 /* [CP] Check Pods Manifest.lock */ = {
			isa = PBXShellScriptBuildPhase;
			buildActionMask = 2147483647;
			files = (
			);
			inputPaths = (
				"${PODS_PODFILE_DIR_PATH}/Podfile.lock",
				"${PODS_ROOT}/Manifest.lock",
			);
			name = "[CP] Check Pods Manifest.lock";
			outputPaths = (
				"$(DERIVED_FILE_DIR)/Pods-OSYYKit-checkManifestLockResult.txt",
			);
			runOnlyForDeploymentPostprocessing = 0;
			shellPath = /bin/sh;
			shellScript = "diff \"${PODS_PODFILE_DIR_PATH}/Podfile.lock\" \"${PODS_ROOT}/Manifest.lock\" > /dev/null\nif [ $? != 0 ] ; then\n    # print error to STDERR\n    echo \"error: The sandbox is not in sync with the Podfile.lock. Run 'pod install' or update your CocoaPods installation.\" >&2\n    exit 1\nfi\n# This output is used by Xcode 'outputs' to avoid re-running this script phase.\necho \"SUCCESS\" > \"${SCRIPT_OUTPUT_FILE_0}\"\n";
			showEnvVarsInLog = 0;
		};
		CD36442752F36FDCE7A37DDE /* [CP] Copy Pods Resources */ = {
			isa = PBXShellScriptBuildPhase;
			buildActionMask = 2147483647;
			files = (
			);
			inputPaths = (
			);
			name = "[CP] Copy Pods Resources";
			outputPaths = (
			);
			runOnlyForDeploymentPostprocessing = 0;
			shellPath = /bin/sh;
			shellScript = "\"${SRCROOT}/Pods/Target Support Files/Pods-OSYYKit/Pods-OSYYKit-resources.sh\"\n";
			showEnvVarsInLog = 0;
		};
/* End PBXShellScriptBuildPhase section */

/* Begin PBXSourcesBuildPhase section */
		8F18253F2011901800E86454 /* Sources */ = {
			isa = PBXSourcesBuildPhase;
			buildActionMask = 2147483647;
			files = (
				8F2A37D22011FFA4002FA2A9 /* YYAsyncLayerViewController.m in Sources */,
				8F2A37BA2011DD34002FA2A9 /* YYCacheViewController.m in Sources */,
				8F2A37C62011FEEC002FA2A9 /* YYTextViewController.m in Sources */,
				8F2A37AA201195C1002FA2A9 /* YYModelViewController.m in Sources */,
				8F18254B2011901800E86454 /* ViewController.m in Sources */,
				8F1825562011901800E86454 /* main.m in Sources */,
				8F2A37D62011FFC2002FA2A9 /* YYCategoriesViewController.m in Sources */,
				8F1825482011901800E86454 /* AppDelegate.m in Sources */,
				8F2A37AD2011974A002FA2A9 /* AnalysisModel.m in Sources */,
				8F2A37CA2011FF15002FA2A9 /* YYKeyboardManagerViewController.m in Sources */,
				8F59A19920186D7F00E822F7 /* UIView+Rect.m in Sources */,
				8F2A37BE2011FE6E002FA2A9 /* YYImageViewController.m in Sources */,
				8F05475820185AE100AA6F60 /* YYImageViewCell.m in Sources */,
				8F2A37C22011FECF002FA2A9 /* YYWebImageViewController.m in Sources */,
				8F2A37B52011A341002FA2A9 /* OSModelCell.m in Sources */,
				8F2A37CE2011FF41002FA2A9 /* YYDispatchQueuePoolViewController.m in Sources */,
			);
			runOnlyForDeploymentPostprocessing = 0;
		};
		8F1825572011901800E86454 /* Sources */ = {
			isa = PBXSourcesBuildPhase;
			buildActionMask = 2147483647;
			files = (
				8F1825602011901800E86454 /* OSYYKitTests.m in Sources */,
			);
			runOnlyForDeploymentPostprocessing = 0;
		};
		8F1825622011901800E86454 /* Sources */ = {
			isa = PBXSourcesBuildPhase;
			buildActionMask = 2147483647;
			files = (
				8F18256B2011901800E86454 /* OSYYKitUITests.m in Sources */,
			);
			runOnlyForDeploymentPostprocessing = 0;
		};
/* End PBXSourcesBuildPhase section */

/* Begin PBXTargetDependency section */
		8F18255D2011901800E86454 /* PBXTargetDependency */ = {
			isa = PBXTargetDependency;
			target = 8F1825422011901800E86454 /* OSYYKit */;
			targetProxy = 8F18255C2011901800E86454 /* PBXContainerItemProxy */;
		};
		8F1825682011901800E86454 /* PBXTargetDependency */ = {
			isa = PBXTargetDependency;
			target = 8F1825422011901800E86454 /* OSYYKit */;
			targetProxy = 8F1825672011901800E86454 /* PBXContainerItemProxy */;
		};
/* End PBXTargetDependency section */

/* Begin PBXVariantGroup section */
		8F18254C2011901800E86454 /* Main.storyboard */ = {
			isa = PBXVariantGroup;
			children = (
				8F18254D2011901800E86454 /* Base */,
			);
			name = Main.storyboard;
			sourceTree = "<group>";
		};
		8F1825512011901800E86454 /* LaunchScreen.storyboard */ = {
			isa = PBXVariantGroup;
			children = (
				8F1825522011901800E86454 /* Base */,
			);
			name = LaunchScreen.storyboard;
			sourceTree = "<group>";
		};
/* End PBXVariantGroup section */

/* Begin XCBuildConfiguration section */
		8F18256D2011901800E86454 /* Debug */ = {
			isa = XCBuildConfiguration;
			buildSettings = {
				ALWAYS_SEARCH_USER_PATHS = NO;
				CLANG_ANALYZER_NONNULL = YES;
				CLANG_ANALYZER_NUMBER_OBJECT_CONVERSION = YES_AGGRESSIVE;
				CLANG_CXX_LANGUAGE_STANDARD = "gnu++14";
				CLANG_CXX_LIBRARY = "libc++";
				CLANG_ENABLE_MODULES = YES;
				CLANG_ENABLE_OBJC_ARC = YES;
				CLANG_WARN_BLOCK_CAPTURE_AUTORELEASING = YES;
				CLANG_WARN_BOOL_CONVERSION = YES;
				CLANG_WARN_COMMA = YES;
				CLANG_WARN_CONSTANT_CONVERSION = YES;
				CLANG_WARN_DIRECT_OBJC_ISA_USAGE = YES_ERROR;
				CLANG_WARN_DOCUMENTATION_COMMENTS = YES;
				CLANG_WARN_EMPTY_BODY = YES;
				CLANG_WARN_ENUM_CONVERSION = YES;
				CLANG_WARN_INFINITE_RECURSION = YES;
				CLANG_WARN_INT_CONVERSION = YES;
				CLANG_WARN_NON_LITERAL_NULL_CONVERSION = YES;
				CLANG_WARN_OBJC_LITERAL_CONVERSION = YES;
				CLANG_WARN_OBJC_ROOT_CLASS = YES_ERROR;
				CLANG_WARN_RANGE_LOOP_ANALYSIS = YES;
				CLANG_WARN_STRICT_PROTOTYPES = YES;
				CLANG_WARN_SUSPICIOUS_MOVE = YES;
				CLANG_WARN_UNGUARDED_AVAILABILITY = YES_AGGRESSIVE;
				CLANG_WARN_UNREACHABLE_CODE = YES;
				CLANG_WARN__DUPLICATE_METHOD_MATCH = YES;
				CODE_SIGN_IDENTITY = "iPhone Developer";
				COPY_PHASE_STRIP = NO;
				DEBUG_INFORMATION_FORMAT = dwarf;
				ENABLE_STRICT_OBJC_MSGSEND = YES;
				ENABLE_TESTABILITY = YES;
				GCC_C_LANGUAGE_STANDARD = gnu11;
				GCC_DYNAMIC_NO_PIC = NO;
				GCC_NO_COMMON_BLOCKS = YES;
				GCC_OPTIMIZATION_LEVEL = 0;
				GCC_PREPROCESSOR_DEFINITIONS = (
					"DEBUG=1",
					"$(inherited)",
				);
				GCC_WARN_64_TO_32_BIT_CONVERSION = YES;
				GCC_WARN_ABOUT_RETURN_TYPE = YES_ERROR;
				GCC_WARN_UNDECLARED_SELECTOR = YES;
				GCC_WARN_UNINITIALIZED_AUTOS = YES_AGGRESSIVE;
				GCC_WARN_UNUSED_FUNCTION = YES;
				GCC_WARN_UNUSED_VARIABLE = YES;
				IPHONEOS_DEPLOYMENT_TARGET = 11.2;
				MTL_ENABLE_DEBUG_INFO = YES;
				ONLY_ACTIVE_ARCH = YES;
				SDKROOT = iphoneos;
			};
			name = Debug;
		};
		8F18256E2011901800E86454 /* Release */ = {
			isa = XCBuildConfiguration;
			buildSettings = {
				ALWAYS_SEARCH_USER_PATHS = NO;
				CLANG_ANALYZER_NONNULL = YES;
				CLANG_ANALYZER_NUMBER_OBJECT_CONVERSION = YES_AGGRESSIVE;
				CLANG_CXX_LANGUAGE_STANDARD = "gnu++14";
				CLANG_CXX_LIBRARY = "libc++";
				CLANG_ENABLE_MODULES = YES;
				CLANG_ENABLE_OBJC_ARC = YES;
				CLANG_WARN_BLOCK_CAPTURE_AUTORELEASING = YES;
				CLANG_WARN_BOOL_CONVERSION = YES;
				CLANG_WARN_COMMA = YES;
				CLANG_WARN_CONSTANT_CONVERSION = YES;
				CLANG_WARN_DIRECT_OBJC_ISA_USAGE = YES_ERROR;
				CLANG_WARN_DOCUMENTATION_COMMENTS = YES;
				CLANG_WARN_EMPTY_BODY = YES;
				CLANG_WARN_ENUM_CONVERSION = YES;
				CLANG_WARN_INFINITE_RECURSION = YES;
				CLANG_WARN_INT_CONVERSION = YES;
				CLANG_WARN_NON_LITERAL_NULL_CONVERSION = YES;
				CLANG_WARN_OBJC_LITERAL_CONVERSION = YES;
				CLANG_WARN_OBJC_ROOT_CLASS = YES_ERROR;
				CLANG_WARN_RANGE_LOOP_ANALYSIS = YES;
				CLANG_WARN_STRICT_PROTOTYPES = YES;
				CLANG_WARN_SUSPICIOUS_MOVE = YES;
				CLANG_WARN_UNGUARDED_AVAILABILITY = YES_AGGRESSIVE;
				CLANG_WARN_UNREACHABLE_CODE = YES;
				CLANG_WARN__DUPLICATE_METHOD_MATCH = YES;
				CODE_SIGN_IDENTITY = "iPhone Developer";
				COPY_PHASE_STRIP = NO;
				DEBUG_INFORMATION_FORMAT = "dwarf-with-dsym";
				ENABLE_NS_ASSERTIONS = NO;
				ENABLE_STRICT_OBJC_MSGSEND = YES;
				GCC_C_LANGUAGE_STANDARD = gnu11;
				GCC_NO_COMMON_BLOCKS = YES;
				GCC_WARN_64_TO_32_BIT_CONVERSION = YES;
				GCC_WARN_ABOUT_RETURN_TYPE = YES_ERROR;
				GCC_WARN_UNDECLARED_SELECTOR = YES;
				GCC_WARN_UNINITIALIZED_AUTOS = YES_AGGRESSIVE;
				GCC_WARN_UNUSED_FUNCTION = YES;
				GCC_WARN_UNUSED_VARIABLE = YES;
				IPHONEOS_DEPLOYMENT_TARGET = 11.2;
				MTL_ENABLE_DEBUG_INFO = NO;
				SDKROOT = iphoneos;
				VALIDATE_PRODUCT = YES;
			};
			name = Release;
		};
		8F1825702011901800E86454 /* Debug */ = {
			isa = XCBuildConfiguration;
			baseConfigurationReference = AEB713A9E82F68AB5BCD9F03 /* Pods-OSYYKit.debug.xcconfig */;
			buildSettings = {
				ASSETCATALOG_COMPILER_APPICON_NAME = AppIcon;
				CODE_SIGN_STYLE = Automatic;
				DEVELOPMENT_TEAM = V3WGXX8M8S;
				INFOPLIST_FILE = OSYYKit/Info.plist;
				IPHONEOS_DEPLOYMENT_TARGET = 8.0;
				LD_RUNPATH_SEARCH_PATHS = "$(inherited) @executable_path/Frameworks";
				PRODUCT_BUNDLE_IDENTIFIER = com.qianft.OSYYKit;
				PRODUCT_NAME = "$(TARGET_NAME)";
				TARGETED_DEVICE_FAMILY = "1,2";
			};
			name = Debug;
		};
		8F1825712011901800E86454 /* Release */ = {
			isa = XCBuildConfiguration;
			baseConfigurationReference = 2C9413C46E036093A3179956 /* Pods-OSYYKit.release.xcconfig */;
			buildSettings = {
				ASSETCATALOG_COMPILER_APPICON_NAME = AppIcon;
				CODE_SIGN_STYLE = Automatic;
				DEVELOPMENT_TEAM = V3WGXX8M8S;
				INFOPLIST_FILE = OSYYKit/Info.plist;
				IPHONEOS_DEPLOYMENT_TARGET = 8.0;
				LD_RUNPATH_SEARCH_PATHS = "$(inherited) @executable_path/Frameworks";
				PRODUCT_BUNDLE_IDENTIFIER = com.qianft.OSYYKit;
				PRODUCT_NAME = "$(TARGET_NAME)";
				TARGETED_DEVICE_FAMILY = "1,2";
			};
			name = Release;
		};
		8F1825732011901800E86454 /* Debug */ = {
			isa = XCBuildConfiguration;
			buildSettings = {
				BUNDLE_LOADER = "$(TEST_HOST)";
				CODE_SIGN_STYLE = Automatic;
				DEVELOPMENT_TEAM = V3WGXX8M8S;
				INFOPLIST_FILE = OSYYKitTests/Info.plist;
				LD_RUNPATH_SEARCH_PATHS = "$(inherited) @executable_path/Frameworks @loader_path/Frameworks";
				PRODUCT_BUNDLE_IDENTIFIER = com.qianft.OSYYKitTests;
				PRODUCT_NAME = "$(TARGET_NAME)";
				TARGETED_DEVICE_FAMILY = "1,2";
				TEST_HOST = "$(BUILT_PRODUCTS_DIR)/OSYYKit.app/OSYYKit";
			};
			name = Debug;
		};
		8F1825742011901800E86454 /* Release */ = {
			isa = XCBuildConfiguration;
			buildSettings = {
				BUNDLE_LOADER = "$(TEST_HOST)";
				CODE_SIGN_STYLE = Automatic;
				DEVELOPMENT_TEAM = V3WGXX8M8S;
				INFOPLIST_FILE = OSYYKitTests/Info.plist;
				LD_RUNPATH_SEARCH_PATHS = "$(inherited) @executable_path/Frameworks @loader_path/Frameworks";
				PRODUCT_BUNDLE_IDENTIFIER = com.qianft.OSYYKitTests;
				PRODUCT_NAME = "$(TARGET_NAME)";
				TARGETED_DEVICE_FAMILY = "1,2";
				TEST_HOST = "$(BUILT_PRODUCTS_DIR)/OSYYKit.app/OSYYKit";
			};
			name = Release;
		};
		8F1825762011901800E86454 /* Debug */ = {
			isa = XCBuildConfiguration;
			buildSettings = {
				CODE_SIGN_STYLE = Automatic;
				DEVELOPMENT_TEAM = V3WGXX8M8S;
				INFOPLIST_FILE = OSYYKitUITests/Info.plist;
				LD_RUNPATH_SEARCH_PATHS = "$(inherited) @executable_path/Frameworks @loader_path/Frameworks";
				PRODUCT_BUNDLE_IDENTIFIER = com.qianft.OSYYKitUITests;
				PRODUCT_NAME = "$(TARGET_NAME)";
				TARGETED_DEVICE_FAMILY = "1,2";
				TEST_TARGET_NAME = OSYYKit;
			};
			name = Debug;
		};
		8F1825772011901800E86454 /* Release */ = {
			isa = XCBuildConfiguration;
			buildSettings = {
				CODE_SIGN_STYLE = Automatic;
				DEVELOPMENT_TEAM = V3WGXX8M8S;
				INFOPLIST_FILE = OSYYKitUITests/Info.plist;
				LD_RUNPATH_SEARCH_PATHS = "$(inherited) @executable_path/Frameworks @loader_path/Frameworks";
				PRODUCT_BUNDLE_IDENTIFIER = com.qianft.OSYYKitUITests;
				PRODUCT_NAME = "$(TARGET_NAME)";
				TARGETED_DEVICE_FAMILY = "1,2";
				TEST_TARGET_NAME = OSYYKit;
			};
			name = Release;
		};
/* End XCBuildConfiguration section */

/* Begin XCConfigurationList section */
		8F18253E2011901800E86454 /* Build configuration list for PBXProject "OSYYKit" */ = {
			isa = XCConfigurationList;
			buildConfigurations = (
				8F18256D2011901800E86454 /* Debug */,
				8F18256E2011901800E86454 /* Release */,
			);
			defaultConfigurationIsVisible = 0;
			defaultConfigurationName = Release;
		};
		8F18256F2011901800E86454 /* Build configuration list for PBXNativeTarget "OSYYKit" */ = {
			isa = XCConfigurationList;
			buildConfigurations = (
				8F1825702011901800E86454 /* Debug */,
				8F1825712011901800E86454 /* Release */,
			);
			defaultConfigurationIsVisible = 0;
			defaultConfigurationName = Release;
		};
		8F1825722011901800E86454 /* Build configuration list for PBXNativeTarget "OSYYKitTests" */ = {
			isa = XCConfigurationList;
			buildConfigurations = (
				8F1825732011901800E86454 /* Debug */,
				8F1825742011901800E86454 /* Release */,
			);
			defaultConfigurationIsVisible = 0;
			defaultConfigurationName = Release;
		};
		8F1825752011901800E86454 /* Build configuration list for PBXNativeTarget "OSYYKitUITests" */ = {
			isa = XCConfigurationList;
			buildConfigurations = (
				8F1825762011901800E86454 /* Debug */,
				8F1825772011901800E86454 /* Release */,
			);
			defaultConfigurationIsVisible = 0;
			defaultConfigurationName = Release;
		};
/* End XCConfigurationList section */
	};
	rootObject = 8F18253B2011901800E86454 /* Project object */;
}
